
Microsoft Visual Studio Solution File, Format Version 12.00
# Visual Studio Version 17
VisualStudioVersion = 17.3.32929.385
MinimumVisualStudioVersion = 10.0.40219.1
Project("{FAE04EC0-301F-11D3-BF4B-00C04F79EFBC}") = "Ex001", "Ex001\Ex001.csproj", "{388FBCD7-7464-4284-B8E4-6259BA8B147A}"
EndProject
Global
	GlobalSection(SolutionConfigurationPlatforms) = preSolution
		Debug|Any CPU = Debug|Any CPU
		Release|Any CPU = Release|Any CPU
	EndGlobalSection
	GlobalSection(ProjectConfigurationPlatforms) = postSolution
		{388FBCD7-7464-4284-B8E4-6259BA8B147A}.Debug|Any CPU.ActiveCfg = Debug|Any CPU
		{388FBCD7-7464-4284-B8E4-6259BA8B147A}.Debug|Any CPU.Build.0 = Debug|Any CPU
		{388FBCD7-7464-4284-B8E4-6259BA8B147A}.Release|Any CPU.ActiveCfg = Release|Any CPU
		{388FBCD7-7464-4284-B8E4-6259BA8B147A}.Release|Any CPU.Build.0 = Release|Any CPU
	EndGlobalSection
	GlobalSection(SolutionProperties) = preSolution
		HideSolutionNode = FALSE
	EndGlobalSection
	GlobalSection(ExtensibilityGlobals) = postSolution
		SolutionGuid = {3FA613E7-A499-4E25-8223-3B53FCAAB7E6}
	EndGlobalSection
EndGlobal
